
Microsoft Visual Studio Solution File, Format Version 12.00
# Visual Studio Version 16
VisualStudioVersion = 16.0.32802.440
MinimumVisualStudioVersion = 10.0.40219.1
Project("{D2ABAB84-BF74-430A-B69E-9DC6D40DDA17}") = "Cube1", "Cube1\Cube1.dwproj", "{1086FF1F-44DC-4D9C-A38D-F3F73F09451E}"
EndProject
Global
	GlobalSection(SolutionConfigurationPlatforms) = preSolution
		Development|Default = Development|Default
	EndGlobalSection
	GlobalSection(ProjectConfigurationPlatforms) = postSolution
		{1086FF1F-44DC-4D9C-A38D-F3F73F09451E}.Development|Default.ActiveCfg = Development
		{1086FF1F-44DC-4D9C-A38D-F3F73F09451E}.Development|Default.Build.0 = Development
		{1086FF1F-44DC-4D9C-A38D-F3F73F09451E}.Development|Default.Deploy.0 = Development
	EndGlobalSection
	GlobalSection(SolutionProperties) = preSolution
		HideSolutionNode = FALSE
	EndGlobalSection
	GlobalSection(ExtensibilityGlobals) = postSolution
		SolutionGuid = {A2275190-A1C0-4AAB-82FD-482FC774B973}
	EndGlobalSection
EndGlobal
